
Microsoft Visual Studio Solution File, Format Version 12.00
# Visual Studio Version 17
VisualStudioVersion = 17.2.32630.192
MinimumVisualStudioVersion = 10.0.40219.1
Project("{FAE04EC0-301F-11D3-BF4B-00C04F79EFBC}") = "delame projekty", "delame projekty\delame projekty.csproj", "{BE5D5677-AD75-479F-8D51-7800E0706BE7}"
EndProject
Global
	GlobalSection(SolutionConfigurationPlatforms) = preSolution
		Debug|Any CPU = Debug|Any CPU
		Release|Any CPU = Release|Any CPU
	EndGlobalSection
	GlobalSection(ProjectConfigurationPlatforms) = postSolution
		{BE5D5677-AD75-479F-8D51-7800E0706BE7}.Debug|Any CPU.ActiveCfg = Debug|Any CPU
		{BE5D5677-AD75-479F-8D51-7800E0706BE7}.Debug|Any CPU.Build.0 = Debug|Any CPU
		{BE5D5677-AD75-479F-8D51-7800E0706BE7}.Release|Any CPU.ActiveCfg = Release|Any CPU
		{BE5D5677-AD75-479F-8D51-7800E0706BE7}.Release|Any CPU.Build.0 = Release|Any CPU
	EndGlobalSection
	GlobalSection(SolutionProperties) = preSolution
		HideSolutionNode = FALSE
	EndGlobalSection
	GlobalSection(ExtensibilityGlobals) = postSolution
		SolutionGuid = {ABDFA68D-69C0-4084-A553-84A9759F4BE8}
	EndGlobalSection
EndGlobal
